// !$*UTF8*$!
{
	archiveVersion = 1;
	classes = {
	};
	objectVersion = 46;
	objects = {

/* Begin PBXBuildFile section */
		B3C540AB1D82491C00839F03 /* main.m in Sources */ = {isa = PBXBuildFile; fileRef = B3C540AA1D82491C00839F03 /* main.m */; };
		B3C540AE1D82491C00839F03 /* AppDelegate.m in Sources */ = {isa = PBXBuildFile; fileRef = B3C540AD1D82491C00839F03 /* AppDelegate.m */; };
		B3C540B11D82491C00839F03 /* ViewController.m in Sources */ = {isa = PBXBuildFile; fileRef = B3C540B01D82491C00839F03 /* ViewController.m */; };
		B3C540B41D82491C00839F03 /* Main.storyboard in Resources */ = {isa = PBXBuildFile; fileRef = B3C540B21D82491C00839F03 /* Main.storyboard */; };
		B3C540B71D82491C00839F03 /* helloWorldTest.xcdatamodeld in Sources */ = {isa = PBXBuildFile; fileRef = B3C540B51D82491C00839F03 /* helloWorldTest.xcdatamodeld */; };
		B3C540B91D82491C00839F03 /* Assets.xcassets in Resources */ = {isa = PBXBuildFile; fileRef = B3C540B81D82491C00839F03 /* Assets.xcassets */; };
		B3C540BC1D82491C00839F03 /* LaunchScreen.storyboard in Resources */ = {isa = PBXBuildFile; fileRef = B3C540BA1D82491C00839F03 /* LaunchScreen.storyboard */; };
/* End PBXBuildFile section */

/* Begin PBXFileReference section */
		B3C540A61D82491C00839F03 /* helloWorldTest.app */ = {isa = PBXFileReference; explicitFileType = wrapper.application; includeInIndex = 0; path = helloWorldTest.app; sourceTree = BUILT_PRODUCTS_DIR; };
		B3C540AA1D82491C00839F03 /* main.m */ = {isa = PBXFileReference; lastKnownFileType = sourcecode.c.objc; path = main.m; sourceTree = "<group>"; };
		B3C540AC1D82491C00839F03 /* AppDelegate.h */ = {isa = PBXFileReference; lastKnownFileType = sourcecode.c.h; path = AppDelegate.h; sourceTree = "<group>"; };
		B3C540AD1D82491C00839F03 /* AppDelegate.m */ = {isa = PBXFileReference; lastKnownFileType = sourcecode.c.objc; path = AppDelegate.m; sourceTree = "<group>"; };
		B3C540AF1D82491C00839F03 /* ViewController.h */ = {isa = PBXFileReference; lastKnownFileType = sourcecode.c.h; path = ViewController.h; sourceTree = "<group>"; };
		B3C540B01D82491C00839F03 /* ViewController.m */ = {isa = PBXFileReference; lastKnownFileType = sourcecode.c.objc; path = ViewController.m; sourceTree = "<group>"; };
		B3C540B31D82491C00839F03 /* Base */ = {isa = PBXFileReference; lastKnownFileType = file.storyboard; name = Base; path = Base.lproj/Main.storyboard; sourceTree = "<group>"; };
		B3C540B61D82491C00839F03 /* helloWorldTest.xcdatamodel */ = {isa = PBXFileReference; lastKnownFileType = wrapper.xcdatamodel; path = helloWorldTest.xcdatamodel; sourceTree = "<group>"; };
		B3C540B81D82491C00839F03 /* Assets.xcassets */ = {isa = PBXFileReference; lastKnownFileType = folder.assetcatalog; path = Assets.xcassets; sourceTree = "<group>"; };
		B3C540BB1D82491C00839F03 /* Base */ = {isa = PBXFileReference; lastKnownFileType = file.storyboard; name = Base; path = Base.lproj/LaunchScreen.storyboard; sourceTree = "<group>"; };
		B3C540BD1D82491C00839F03 /* Info.plist */ = {isa = PBXFileReference; lastKnownFileType = text.plist.xml; path = Info.plist; sourceTree = "<group>"; };
/* End PBXFileReference section */

/* Begin PBXFrameworksBuildPhase section */
		B3C540A31D82491C00839F03 /* Frameworks */ = {
			isa = PBXFrameworksBuildPhase;
			buildActionMask = 2147483647;
			files = (
			);
			runOnlyForDeploymentPostprocessing = 0;
		};
/* End PBXFrameworksBuildPhase section */

/* Begin PBXGroup section */
		B3C5409D1D82491C00839F03 = {
			isa = PBXGroup;
			children = (
				B3C540A81D82491C00839F03 /* helloWorldTest */,
				B3C540A71D82491C00839F03 /* Products */,
			);
			sourceTree = "<group>";
		};
		B3C540A71D82491C00839F03 /* Products */ = {
			isa = PBXGroup;
			children = (
				B3C540A61D82491C00839F03 /* helloWorldTest.app */,
			);
			name = Products;
			sourceTree = "<group>";
		};
		B3C540A81D82491C00839F03 /* helloWorldTest */ = {
			isa = PBXGroup;
			children = (
				B3C540AC1D82491C00839F03 /* AppDelegate.h */,
				B3C540AD1D82491C00839F03 /* AppDelegate.m */,
				B3C540AF1D82491C00839F03 /* ViewController.h */,
				B3C540B01D82491C00839F03 /* ViewController.m */,
				B3C540B21D82491C00839F03 /* Main.storyboard */,
				B3C540B81D82491C00839F03 /* Assets.xcassets */,
				B3C540BA1D82491C00839F03 /* LaunchScreen.storyboard */,
				B3C540BD1D82491C00839F03 /* Info.plist */,
				B3C540B51D82491C00839F03 /* helloWorldTest.xcdatamodeld */,
				B3C540A91D82491C00839F03 /* Supporting Files */,
			);
			path = helloWorldTest;
			sourceTree = "<group>";
		};
		B3C540A91D82491C00839F03 /* Supporting Files */ = {
			isa = PBXGroup;
			children = (
				B3C540AA1D82491C00839F03 /* main.m */,
			);
			name = "Supporting Files";
			sourceTree = "<group>";
		};
/* End PBXGroup section */

/* Begin PBXNativeTarget section */
		B3C540A51D82491C00839F03 /* helloWorldTest */ = {
			isa = PBXNativeTarget;
			buildConfigurationList = B3C540C01D82491C00839F03 /* Build configuration list for PBXNativeTarget "helloWorldTest" */;
			buildPhases = (
				B3C540A21D82491C00839F03 /* Sources */,
				B3C540A31D82491C00839F03 /* Frameworks */,
				B3C540A41D82491C00839F03 /* Resources */,
			);
			buildRules = (
			);
			dependencies = (
			);
			name = helloWorldTest;
			productName = helloWorldTest;
			productReference = B3C540A61D82491C00839F03 /* helloWorldTest.app */;
			productType = "com.apple.product-type.application";
		};
/* End PBXNativeTarget section */

/* Begin PBXProject section */
		B3C5409E1D82491C00839F03 /* Project object */ = {
			isa = PBXProject;
			attributes = {
				LastUpgradeCheck = 0730;
				ORGANIZATIONNAME = "Zhiming Jiang";
				TargetAttributes = {
					B3C540A51D82491C00839F03 = {
						CreatedOnToolsVersion = 7.3.1;
					};
				};
			};
			buildConfigurationList = B3C540A11D82491C00839F03 /* Build configuration list for PBXProject "helloWorldTest" */;
			compatibilityVersion = "Xcode 3.2";
			developmentRegion = English;
			hasScannedForEncodings = 0;
			knownRegions = (
				en,
				Base,
			);
			mainGroup = B3C5409D1D82491C00839F03;
			productRefGroup = B3C540A71D82491C00839F03 /* Products */;
			projectDirPath = "";
			projectRoot = "";
			targets = (
				B3C540A51D82491C00839F03 /* helloWorldTest */,
			);
		};
/* End PBXProject section */

/* Begin PBXResourcesBuildPhase section */
		B3C540A41D82491C00839F03 /* Resources */ = {
			isa = PBXResourcesBuildPhase;
			buildActionMask = 2147483647;
			files = (
				B3C540BC1D82491C00839F03 /* LaunchScreen.storyboard in Resources */,
				B3C540B91D82491C00839F03 /* Assets.xcassets in Resources */,
				B3C540B41D82491C00839F03 /* Main.storyboard in Resources */,
			);
			runOnlyForDeploymentPostprocessing = 0;
		};
/* End PBXResourcesBuildPhase section */

/* Begin PBXSourcesBuildPhase section */
		B3C540A21D82491C00839F03 /* Sources */ = {
			isa = PBXSourcesBuildPhase;
			buildActionMask = 2147483647;
			files = (
				B3C540B11D82491C00839F03 /* ViewController.m in Sources */,
				B3C540AE1D82491C00839F03 /* AppDelegate.m in Sources */,
				B3C540AB1D82491C00839F03 /* main.m in Sources */,
				B3C540B71D82491C00839F03 /* helloWorldTest.xcdatamodeld in Sources */,
			);
			runOnlyForDeploymentPostprocessing = 0;
		};
/* End PBXSourcesBuildPhase section */

/* Begin PBXVariantGroup section */
		B3C540B21D82491C00839F03 /* Main.storyboard */ = {
			isa = PBXVariantGroup;
			children = (
				B3C540B31D82491C00839F03 /* Base */,
			);
			name = Main.storyboard;
			sourceTree = "<group>";
		};
		B3C540BA1D82491C00839F03 /* LaunchScreen.storyboard */ = {
			isa = PBXVariantGroup;
			children = (
				B3C540BB1D82491C00839F03 /* Base */,
			);
			name = LaunchScreen.storyboard;
			sourceTree = "<group>";
		};
/* End PBXVariantGroup section */

/* Begin XCBuildConfiguration section */
		B3C540BE1D82491C00839F03 /* Debug */ = {
			isa = XCBuildConfiguration;
			buildSettings = {
				ALWAYS_SEARCH_USER_PATHS = NO;
				CLANG_ANALYZER_NONNULL = YES;
				CLANG_CXX_LANGUAGE_STANDARD = "gnu++0x";
				CLANG_CXX_LIBRARY = "libc++";
				CLANG_ENABLE_MODULES = YES;
				CLANG_ENABLE_OBJC_ARC = YES;
				CLANG_WARN_BOOL_CONVERSION = YES;
				CLANG_WARN_CONSTANT_CONVERSION = YES;
				CLANG_WARN_DIRECT_OBJC_ISA_USAGE = YES_ERROR;
				CLANG_WARN_EMPTY_BODY = YES;
				CLANG_WARN_ENUM_CONVERSION = YES;
				CLANG_WARN_INT_CONVERSION = YES;
				CLANG_WARN_OBJC_ROOT_CLASS = YES_ERROR;
				CLANG_WARN_UNREACHABLE_CODE = YES;
				CLANG_WARN__DUPLICATE_METHOD_MATCH = YES;
				"CODE_SIGN_IDENTITY[sdk=iphoneos*]" = "iPhone Developer";
				COPY_PHASE_STRIP = NO;
				DEBUG_INFORMATION_FORMAT = dwarf;
				ENABLE_STRICT_OBJC_MSGSEND = YES;
				ENABLE_TESTABILITY = YES;
				GCC_C_LANGUAGE_STANDARD = gnu99;
				GCC_DYNAMIC_NO_PIC = NO;
				GCC_NO_COMMON_BLOCKS = YES;
				GCC_OPTIMIZATION_LEVEL = 0;
				GCC_PREPROCESSOR_DEFINITIONS = (
					"DEBUG=1",
					"$(inherited)",
				);
				GCC_WARN_64_TO_32_BIT_CONVERSION = YES;
				GCC_WARN_ABOUT_RETURN_TYPE = YES_ERROR;
				GCC_WARN_UNDECLARED_SELECTOR = YES;
				GCC_WARN_UNINITIALIZED_AUTOS = YES_AGGRESSIVE;
				GCC_WARN_UNUSED_FUNCTION = YES;
				GCC_WARN_UNUSED_VARIABLE = YES;
				IPHONEOS_DEPLOYMENT_TARGET = 9.3;
				MTL_ENABLE_DEBUG_INFO = YES;
				ONLY_ACTIVE_ARCH = YES;
				SDKROOT = iphoneos;
				TARGETED_DEVICE_FAMILY = "1,2";
			};
			name = Debug;
		};
		B3C540BF1D82491C00839F03 /* Release */ = {
			isa = XCBuildConfiguration;
			buildSettings = {
				ALWAYS_SEARCH_USER_PATHS = NO;
				CLANG_ANALYZER_NONNULL = YES;
				CLANG_CXX_LANGUAGE_STANDARD = "gnu++0x";
				CLANG_CXX_LIBRARY = "libc++";
				CLANG_ENABLE_MODULES = YES;
				CLANG_ENABLE_OBJC_ARC = YES;
				CLANG_WARN_BOOL_CONVERSION = YES;
				CLANG_WARN_CONSTANT_CONVERSION = YES;
				CLANG_WARN_DIRECT_OBJC_ISA_USAGE = YES_ERROR;
				CLANG_WARN_EMPTY_BODY = YES;
				CLANG_WARN_ENUM_CONVERSION = YES;
				CLANG_WARN_INT_CONVERSION = YES;
				CLANG_WARN_OBJC_ROOT_CLASS = YES_ERROR;
				CLANG_WARN_UNREACHABLE_CODE = YES;
				CLANG_WARN__DUPLICATE_METHOD_MATCH = YES;
				"CODE_SIGN_IDENTITY[sdk=iphoneos*]" = "iPhone Developer";
				COPY_PHASE_STRIP = NO;
				DEBUG_INFORMATION_FORMAT = "dwarf-with-dsym";
				ENABLE_NS_ASSERTIONS = NO;
				ENABLE_STRICT_OBJC_MSGSEND = YES;
				GCC_C_LANGUAGE_STANDARD = gnu99;
				GCC_NO_COMMON_BLOCKS = YES;
				GCC_WARN_64_TO_32_BIT_CONVERSION = YES;
				GCC_WARN_ABOUT_RETURN_TYPE = YES_ERROR;
				GCC_WARN_UNDECLARED_SELECTOR = YES;
				GCC_WARN_UNINITIALIZED_AUTOS = YES_AGGRESSIVE;
				GCC_WARN_UNUSED_FUNCTION = YES;
				GCC_WARN_UNUSED_VARIABLE = YES;
				IPHONEOS_DEPLOYMENT_TARGET = 9.3;
				MTL_ENABLE_DEBUG_INFO = NO;
				SDKROOT = iphoneos;
				TARGETED_DEVICE_FAMILY = "1,2";
				VALIDATE_PRODUCT = YES;
			};
			name = Release;
		};
		B3C540C11D82491C00839F03 /* Debug */ = {
			isa = XCBuildConfiguration;
			buildSettings = {
				ASSETCATALOG_COMPILER_APPICON_NAME = AppIcon;
				INFOPLIST_FILE = helloWorldTest/Info.plist;
				LD_RUNPATH_SEARCH_PATHS = "$(inherited) @executable_path/Frameworks";
				PRODUCT_BUNDLE_IDENTIFIER = jiangzhiming.helloWorldTest;
				PRODUCT_NAME = "$(TARGET_NAME)";
			};
			name = Debug;
		};
		B3C540C21D82491C00839F03 /* Release */ = {
			isa = XCBuildConfiguration;
			buildSettings = {
				ASSETCATALOG_COMPILER_APPICON_NAME = AppIcon;
				INFOPLIST_FILE = helloWorldTest/Info.plist;
				LD_RUNPATH_SEARCH_PATHS = "$(inherited) @executable_path/Frameworks";
				PRODUCT_BUNDLE_IDENTIFIER = jiangzhiming.helloWorldTest;
				PRODUCT_NAME = "$(TARGET_NAME)";
			};
			name = Release;
		};
/* End XCBuildConfiguration section */

/* Begin XCConfigurationList section */
		B3C540A11D82491C00839F03 /* Build configuration list for PBXProject "helloWorldTest" */ = {
			isa = XCConfigurationList;
			buildConfigurations = (
				B3C540BE1D82491C00839F03 /* Debug */,
				B3C540BF1D82491C00839F03 /* Release */,
			);
			defaultConfigurationIsVisible = 0;
			defaultConfigurationName = Release;
		};
		B3C540C01D82491C00839F03 /* Build configuration list for PBXNativeTarget "helloWorldTest" */ = {
			isa = XCConfigurationList;
			buildConfigurations = (
				B3C540C11D82491C00839F03 /* Debug */,
				B3C540C21D82491C00839F03 /* Release */,
			);
			defaultConfigurationIsVisible = 0;
		};
/* End XCConfigurationList section */

/* Begin XCVersionGroup section */
		B3C540B51D82491C00839F03 /* helloWorldTest.xcdatamodeld */ = {
			isa = XCVersionGroup;
			children = (
				B3C540B61D82491C00839F03 /* helloWorldTest.xcdatamodel */,
			);
			currentVersion = B3C540B61D82491C00839F03 /* helloWorldTest.xcdatamodel */;
			path = helloWorldTest.xcdatamodeld;
			sourceTree = "<group>";
			versionGroupType = wrapper.xcdatamodel;
		};
/* End XCVersionGroup section */
	};
	rootObject = B3C5409E1D82491C00839F03 /* Project object */;
}
